
Microsoft Visual Studio Solution File, Format Version 12.00
# Visual Studio Version 17
VisualStudioVersion = 17.2.32516.85
MinimumVisualStudioVersion = 10.0.40219.1
Project("{FAE04EC0-301F-11D3-BF4B-00C04F79EFBC}") = "InfinityTeknoloji.Common", "InfinityTeknoloji.Common\InfinityTeknoloji.Common.csproj", "{2585B24E-AE75-41CB-A355-291556051278}"
EndProject
Project("{9A19103F-16F7-4668-BE54-9A1E7A4F7556}") = "InfinityTeknoloji.DataAccess", "InfinityTeknoloji.DataAccess\InfinityTeknoloji.DataAccess.csproj", "{1A4C77C1-087E-41F7-AAFF-B8FC94FE4318}"
EndProject
Project("{9A19103F-16F7-4668-BE54-9A1E7A4F7556}") = "InfintyTeknoloji.Business", "InfintyTeknoloji.Business\InfintyTeknoloji.Business.csproj", "{A3BFAB03-C69D-4BCC-B706-2B6097BECC99}"
EndProject
Project("{9A19103F-16F7-4668-BE54-9A1E7A4F7556}") = "InfinityTeknoloji.UI", "InfinityTeknoloji.UI\InfinityTeknoloji.UI.csproj", "{A0BA9C14-9E03-4337-8C07-3CA20709D6DC}"
EndProject
Project("{FAE04EC0-301F-11D3-BF4B-00C04F79EFBC}") = "InfinityTeknoloji.Models", "InfinityTeknoloji.Models\InfinityTeknoloji.Models.csproj", "{BFF2E666-2CD9-45E1-A83A-AB3C2AB7D794}"
EndProject
Global
	GlobalSection(SolutionConfigurationPlatforms) = preSolution
		Debug|Any CPU = Debug|Any CPU
		Release|Any CPU = Release|Any CPU
	EndGlobalSection
	GlobalSection(ProjectConfigurationPlatforms) = postSolution
		{2585B24E-AE75-41CB-A355-291556051278}.Debug|Any CPU.ActiveCfg = Debug|Any CPU
		{2585B24E-AE75-41CB-A355-291556051278}.Debug|Any CPU.Build.0 = Debug|Any CPU
		{2585B24E-AE75-41CB-A355-291556051278}.Release|Any CPU.ActiveCfg = Release|Any CPU
		{2585B24E-AE75-41CB-A355-291556051278}.Release|Any CPU.Build.0 = Release|Any CPU
		{1A4C77C1-087E-41F7-AAFF-B8FC94FE4318}.Debug|Any CPU.ActiveCfg = Debug|Any CPU
		{1A4C77C1-087E-41F7-AAFF-B8FC94FE4318}.Debug|Any CPU.Build.0 = Debug|Any CPU
		{1A4C77C1-087E-41F7-AAFF-B8FC94FE4318}.Release|Any CPU.ActiveCfg = Release|Any CPU
		{1A4C77C1-087E-41F7-AAFF-B8FC94FE4318}.Release|Any CPU.Build.0 = Release|Any CPU
		{A3BFAB03-C69D-4BCC-B706-2B6097BECC99}.Debug|Any CPU.ActiveCfg = Debug|Any CPU
		{A3BFAB03-C69D-4BCC-B706-2B6097BECC99}.Debug|Any CPU.Build.0 = Debug|Any CPU
		{A3BFAB03-C69D-4BCC-B706-2B6097BECC99}.Release|Any CPU.ActiveCfg = Release|Any CPU
		{A3BFAB03-C69D-4BCC-B706-2B6097BECC99}.Release|Any CPU.Build.0 = Release|Any CPU
		{A0BA9C14-9E03-4337-8C07-3CA20709D6DC}.Debug|Any CPU.ActiveCfg = Debug|Any CPU
		{A0BA9C14-9E03-4337-8C07-3CA20709D6DC}.Debug|Any CPU.Build.0 = Debug|Any CPU
		{A0BA9C14-9E03-4337-8C07-3CA20709D6DC}.Release|Any CPU.ActiveCfg = Release|Any CPU
		{A0BA9C14-9E03-4337-8C07-3CA20709D6DC}.Release|Any CPU.Build.0 = Release|Any CPU
		{BFF2E666-2CD9-45E1-A83A-AB3C2AB7D794}.Debug|Any CPU.ActiveCfg = Debug|Any CPU
		{BFF2E666-2CD9-45E1-A83A-AB3C2AB7D794}.Debug|Any CPU.Build.0 = Debug|Any CPU
		{BFF2E666-2CD9-45E1-A83A-AB3C2AB7D794}.Release|Any CPU.ActiveCfg = Release|Any CPU
		{BFF2E666-2CD9-45E1-A83A-AB3C2AB7D794}.Release|Any CPU.Build.0 = Release|Any CPU
	EndGlobalSection
	GlobalSection(SolutionProperties) = preSolution
		HideSolutionNode = FALSE
	EndGlobalSection
	GlobalSection(ExtensibilityGlobals) = postSolution
		SolutionGuid = {FCEC1FE1-5947-4062-BF73-DAE0F4EAFAED}
	EndGlobalSection
EndGlobal
